
Microsoft Visual Studio Solution File, Format Version 12.00
# Visual Studio 2012
Project("{FAE04EC0-301F-11D3-BF4B-00C04F79EFBC}") = "MyNavigarion", "MyNavigarion\MyNavigarion.csproj", "{546C9483-1A5D-4D36-857B-49B12E2BBB8C}"
EndProject
Project("{FAE04EC0-301F-11D3-BF4B-00C04F79EFBC}") = "MyNavigarion.iOS", "iOS\MyNavigarion.iOS.csproj", "{1454CC40-0330-4B7A-9D2E-4C8FCD9AB269}"
EndProject
Project("{FAE04EC0-301F-11D3-BF4B-00C04F79EFBC}") = "MyNavigarion.Android", "Android\MyNavigarion.Android.csproj", "{466447BC-FCEC-4B5D-BD60-AE6F2A68CAA0}"
EndProject
Global
	GlobalSection(SolutionConfigurationPlatforms) = preSolution
		Debug|Any CPU = Debug|Any CPU
		Release|Any CPU = Release|Any CPU
		Debug|iPhoneSimulator = Debug|iPhoneSimulator
		Release|iPhoneSimulator = Release|iPhoneSimulator
		Debug|iPhone = Debug|iPhone
		Release|iPhone = Release|iPhone
		Ad-Hoc|iPhone = Ad-Hoc|iPhone
		AppStore|iPhone = AppStore|iPhone
	EndGlobalSection
	GlobalSection(ProjectConfigurationPlatforms) = postSolution
		{1454CC40-0330-4B7A-9D2E-4C8FCD9AB269}.Ad-Hoc|iPhone.ActiveCfg = Ad-Hoc|iPhone
		{1454CC40-0330-4B7A-9D2E-4C8FCD9AB269}.Ad-Hoc|iPhone.Build.0 = Ad-Hoc|iPhone
		{1454CC40-0330-4B7A-9D2E-4C8FCD9AB269}.AppStore|iPhone.ActiveCfg = AppStore|iPhone
		{1454CC40-0330-4B7A-9D2E-4C8FCD9AB269}.AppStore|iPhone.Build.0 = AppStore|iPhone
		{1454CC40-0330-4B7A-9D2E-4C8FCD9AB269}.Debug|Any CPU.ActiveCfg = Debug|iPhoneSimulator
		{1454CC40-0330-4B7A-9D2E-4C8FCD9AB269}.Debug|Any CPU.Build.0 = Debug|iPhoneSimulator
		{1454CC40-0330-4B7A-9D2E-4C8FCD9AB269}.Debug|iPhone.ActiveCfg = Debug|iPhone
		{1454CC40-0330-4B7A-9D2E-4C8FCD9AB269}.Debug|iPhone.Build.0 = Debug|iPhone
		{1454CC40-0330-4B7A-9D2E-4C8FCD9AB269}.Debug|iPhoneSimulator.ActiveCfg = Debug|iPhoneSimulator
		{1454CC40-0330-4B7A-9D2E-4C8FCD9AB269}.Debug|iPhoneSimulator.Build.0 = Debug|iPhoneSimulator
		{1454CC40-0330-4B7A-9D2E-4C8FCD9AB269}.Release|Any CPU.ActiveCfg = Release|iPhoneSimulator
		{1454CC40-0330-4B7A-9D2E-4C8FCD9AB269}.Release|Any CPU.Build.0 = Release|iPhoneSimulator
		{1454CC40-0330-4B7A-9D2E-4C8FCD9AB269}.Release|iPhone.ActiveCfg = Release|iPhone
		{1454CC40-0330-4B7A-9D2E-4C8FCD9AB269}.Release|iPhone.Build.0 = Release|iPhone
		{1454CC40-0330-4B7A-9D2E-4C8FCD9AB269}.Release|iPhoneSimulator.ActiveCfg = Release|iPhoneSimulator
		{1454CC40-0330-4B7A-9D2E-4C8FCD9AB269}.Release|iPhoneSimulator.Build.0 = Release|iPhoneSimulator
		{466447BC-FCEC-4B5D-BD60-AE6F2A68CAA0}.Ad-Hoc|iPhone.ActiveCfg = Debug|Any CPU
		{466447BC-FCEC-4B5D-BD60-AE6F2A68CAA0}.Ad-Hoc|iPhone.Build.0 = Debug|Any CPU
		{466447BC-FCEC-4B5D-BD60-AE6F2A68CAA0}.AppStore|iPhone.ActiveCfg = Debug|Any CPU
		{466447BC-FCEC-4B5D-BD60-AE6F2A68CAA0}.AppStore|iPhone.Build.0 = Debug|Any CPU
		{466447BC-FCEC-4B5D-BD60-AE6F2A68CAA0}.Debug|Any CPU.ActiveCfg = Debug|Any CPU
		{466447BC-FCEC-4B5D-BD60-AE6F2A68CAA0}.Debug|Any CPU.Build.0 = Debug|Any CPU
		{466447BC-FCEC-4B5D-BD60-AE6F2A68CAA0}.Debug|iPhone.ActiveCfg = Debug|Any CPU
		{466447BC-FCEC-4B5D-BD60-AE6F2A68CAA0}.Debug|iPhone.Build.0 = Debug|Any CPU
		{466447BC-FCEC-4B5D-BD60-AE6F2A68CAA0}.Debug|iPhoneSimulator.ActiveCfg = Debug|Any CPU
		{466447BC-FCEC-4B5D-BD60-AE6F2A68CAA0}.Debug|iPhoneSimulator.Build.0 = Debug|Any CPU
		{466447BC-FCEC-4B5D-BD60-AE6F2A68CAA0}.Release|Any CPU.ActiveCfg = Release|Any CPU
		{466447BC-FCEC-4B5D-BD60-AE6F2A68CAA0}.Release|Any CPU.Build.0 = Release|Any CPU
		{466447BC-FCEC-4B5D-BD60-AE6F2A68CAA0}.Release|iPhone.ActiveCfg = Release|Any CPU
		{466447BC-FCEC-4B5D-BD60-AE6F2A68CAA0}.Release|iPhone.Build.0 = Release|Any CPU
		{466447BC-FCEC-4B5D-BD60-AE6F2A68CAA0}.Release|iPhoneSimulator.ActiveCfg = Release|Any CPU
		{466447BC-FCEC-4B5D-BD60-AE6F2A68CAA0}.Release|iPhoneSimulator.Build.0 = Release|Any CPU
		{546C9483-1A5D-4D36-857B-49B12E2BBB8C}.Ad-Hoc|iPhone.ActiveCfg = Debug|Any CPU
		{546C9483-1A5D-4D36-857B-49B12E2BBB8C}.Ad-Hoc|iPhone.Build.0 = Debug|Any CPU
		{546C9483-1A5D-4D36-857B-49B12E2BBB8C}.AppStore|iPhone.ActiveCfg = Debug|Any CPU
		{546C9483-1A5D-4D36-857B-49B12E2BBB8C}.AppStore|iPhone.Build.0 = Debug|Any CPU
		{546C9483-1A5D-4D36-857B-49B12E2BBB8C}.Debug|Any CPU.ActiveCfg = Debug|Any CPU
		{546C9483-1A5D-4D36-857B-49B12E2BBB8C}.Debug|Any CPU.Build.0 = Debug|Any CPU
		{546C9483-1A5D-4D36-857B-49B12E2BBB8C}.Debug|iPhone.ActiveCfg = Debug|Any CPU
		{546C9483-1A5D-4D36-857B-49B12E2BBB8C}.Debug|iPhone.Build.0 = Debug|Any CPU
		{546C9483-1A5D-4D36-857B-49B12E2BBB8C}.Debug|iPhoneSimulator.ActiveCfg = Debug|Any CPU
		{546C9483-1A5D-4D36-857B-49B12E2BBB8C}.Debug|iPhoneSimulator.Build.0 = Debug|Any CPU
		{546C9483-1A5D-4D36-857B-49B12E2BBB8C}.Release|Any CPU.ActiveCfg = Release|Any CPU
		{546C9483-1A5D-4D36-857B-49B12E2BBB8C}.Release|Any CPU.Build.0 = Release|Any CPU
		{546C9483-1A5D-4D36-857B-49B12E2BBB8C}.Release|iPhone.ActiveCfg = Release|Any CPU
		{546C9483-1A5D-4D36-857B-49B12E2BBB8C}.Release|iPhone.Build.0 = Release|Any CPU
		{546C9483-1A5D-4D36-857B-49B12E2BBB8C}.Release|iPhoneSimulator.ActiveCfg = Release|Any CPU
		{546C9483-1A5D-4D36-857B-49B12E2BBB8C}.Release|iPhoneSimulator.Build.0 = Release|Any CPU
	EndGlobalSection
	GlobalSection(MonoDevelopProperties) = preSolution
		StartupItem = iOS\MyNavigarion.iOS.csproj
	EndGlobalSection
EndGlobal
